
Microsoft Visual Studio Solution File, Format Version 12.00
# Visual Studio Version 16
VisualStudioVersion = 16.0.29020.237
MinimumVisualStudioVersion = 10.0.40219.1
Project("{9A19103F-16F7-4668-BE54-9A1E7A4F7556}") = "Back.Application", "Back.Application\Back.Application.csproj", "{DC9B55BB-D0FB-47F9-A2BE-807CB16B981C}"
EndProject
Project("{9A19103F-16F7-4668-BE54-9A1E7A4F7556}") = "Back.Tests", "Back.Tests\Back.Tests.csproj", "{53827DA7-30E5-48D3-BABE-5843A6D310FB}"
EndProject
Global
	GlobalSection(SolutionConfigurationPlatforms) = preSolution
		Debug|Any CPU = Debug|Any CPU
		Release|Any CPU = Release|Any CPU
	EndGlobalSection
	GlobalSection(ProjectConfigurationPlatforms) = postSolution
		{DC9B55BB-D0FB-47F9-A2BE-807CB16B981C}.Debug|Any CPU.ActiveCfg = Debug|Any CPU
		{DC9B55BB-D0FB-47F9-A2BE-807CB16B981C}.Debug|Any CPU.Build.0 = Debug|Any CPU
		{DC9B55BB-D0FB-47F9-A2BE-807CB16B981C}.Release|Any CPU.ActiveCfg = Release|Any CPU
		{DC9B55BB-D0FB-47F9-A2BE-807CB16B981C}.Release|Any CPU.Build.0 = Release|Any CPU
		{53827DA7-30E5-48D3-BABE-5843A6D310FB}.Debug|Any CPU.ActiveCfg = Debug|Any CPU
		{53827DA7-30E5-48D3-BABE-5843A6D310FB}.Debug|Any CPU.Build.0 = Debug|Any CPU
		{53827DA7-30E5-48D3-BABE-5843A6D310FB}.Release|Any CPU.ActiveCfg = Release|Any CPU
		{53827DA7-30E5-48D3-BABE-5843A6D310FB}.Release|Any CPU.Build.0 = Release|Any CPU
	EndGlobalSection
	GlobalSection(SolutionProperties) = preSolution
		HideSolutionNode = FALSE
	EndGlobalSection
	GlobalSection(ExtensibilityGlobals) = postSolution
		SolutionGuid = {C0084376-3657-4C86-A822-B854FBDA804B}
	EndGlobalSection
EndGlobal
